
Microsoft Visual Studio Solution File, Format Version 12.00
# Visual Studio Version 16
VisualStudioVersion = 16.0.31321.278
MinimumVisualStudioVersion = 10.0.40219.1
Project("{9A19103F-16F7-4668-BE54-9A1E7A4F7556}") = "PDFTextExtractor", "PDFTextExtractor\PDFTextExtractor.csproj", "{95589A64-A721-4AB4-A4B8-CAE84B35202E}"
EndProject
Project("{FAE04EC0-301F-11D3-BF4B-00C04F79EFBC}") = "PDFTextExtractorTests", "PDFTextExtractorTests\PDFTextExtractorTests.csproj", "{AF6C82C7-DFFD-42F8-90A6-1550D2A2AB66}"
EndProject
Global
	GlobalSection(SolutionConfigurationPlatforms) = preSolution
		Debug|Any CPU = Debug|Any CPU
		Release|Any CPU = Release|Any CPU
	EndGlobalSection
	GlobalSection(ProjectConfigurationPlatforms) = postSolution
		{95589A64-A721-4AB4-A4B8-CAE84B35202E}.Debug|Any CPU.ActiveCfg = Debug|Any CPU
		{95589A64-A721-4AB4-A4B8-CAE84B35202E}.Debug|Any CPU.Build.0 = Debug|Any CPU
		{95589A64-A721-4AB4-A4B8-CAE84B35202E}.Release|Any CPU.ActiveCfg = Release|Any CPU
		{95589A64-A721-4AB4-A4B8-CAE84B35202E}.Release|Any CPU.Build.0 = Release|Any CPU
		{AF6C82C7-DFFD-42F8-90A6-1550D2A2AB66}.Debug|Any CPU.ActiveCfg = Debug|Any CPU
		{AF6C82C7-DFFD-42F8-90A6-1550D2A2AB66}.Debug|Any CPU.Build.0 = Debug|Any CPU
		{AF6C82C7-DFFD-42F8-90A6-1550D2A2AB66}.Release|Any CPU.ActiveCfg = Release|Any CPU
		{AF6C82C7-DFFD-42F8-90A6-1550D2A2AB66}.Release|Any CPU.Build.0 = Release|Any CPU
	EndGlobalSection
	GlobalSection(SolutionProperties) = preSolution
		HideSolutionNode = FALSE
	EndGlobalSection
	GlobalSection(ExtensibilityGlobals) = postSolution
		SolutionGuid = {E44651F0-1A5C-42AB-B253-BFD8B734B502}
	EndGlobalSection
EndGlobal
